// !$*UTF8*$!
{
	archiveVersion = 1;
	classes = {
	};
	objectVersion = 50;
	objects = {

/* Begin PBXBuildFile section */
		1D0A7B4F23B537E3005C691D /* AppDelegate.swift in Sources */ = {isa = PBXBuildFile; fileRef = 1D0A7B4E23B537E3005C691D /* AppDelegate.swift */; };
		1D0A7B5123B537E3005C691D /* SceneDelegate.swift in Sources */ = {isa = PBXBuildFile; fileRef = 1D0A7B5023B537E3005C691D /* SceneDelegate.swift */; };
		1D0A7B5323B537E3005C691D /* ContentView.swift in Sources */ = {isa = PBXBuildFile; fileRef = 1D0A7B5223B537E3005C691D /* ContentView.swift */; };
		1D0A7B5523B537E7005C691D /* Assets.xcassets in Resources */ = {isa = PBXBuildFile; fileRef = 1D0A7B5423B537E7005C691D /* Assets.xcassets */; };
		1D0A7B5823B537E7005C691D /* Preview Assets.xcassets in Resources */ = {isa = PBXBuildFile; fileRef = 1D0A7B5723B537E7005C691D /* Preview Assets.xcassets */; };
		1D0A7B5B23B537E7005C691D /* LaunchScreen.storyboard in Resources */ = {isa = PBXBuildFile; fileRef = 1D0A7B5923B537E7005C691D /* LaunchScreen.storyboard */; };
		1D0A7B6323B53814005C691D /* AccessControl.swift in Sources */ = {isa = PBXBuildFile; fileRef = 1D0A7B6223B53814005C691D /* AccessControl.swift */; };
		1D0A7B6523B5392D005C691D /* CodingProtocols.swift in Sources */ = {isa = PBXBuildFile; fileRef = 1D0A7B6423B5392D005C691D /* CodingProtocols.swift */; };
		1D0A7B6723B53BB3005C691D /* ErrorHandling.swift in Sources */ = {isa = PBXBuildFile; fileRef = 1D0A7B6623B53BB3005C691D /* ErrorHandling.swift */; };
		1D0A7B6923B53C90005C691D /* Extensions.swift in Sources */ = {isa = PBXBuildFile; fileRef = 1D0A7B6823B53C90005C691D /* Extensions.swift */; };
		1D0A7B6B23B53CEB005C691D /* Designated&ConvenienceInitializers.swift in Sources */ = {isa = PBXBuildFile; fileRef = 1D0A7B6A23B53CEB005C691D /* Designated&ConvenienceInitializers.swift */; };
		1D0A7B6D23B53D3D005C691D /* Inheritance.swift in Sources */ = {isa = PBXBuildFile; fileRef = 1D0A7B6C23B53D3D005C691D /* Inheritance.swift */; };
		1D0A7B6F23B53D76005C691D /* Classes.swift in Sources */ = {isa = PBXBuildFile; fileRef = 1D0A7B6E23B53D76005C691D /* Classes.swift */; };
		1D0A7B7123B53DCD005C691D /* Structs.swift in Sources */ = {isa = PBXBuildFile; fileRef = 1D0A7B7023B53DCD005C691D /* Structs.swift */; };
		1D0A7B7323B53E87005C691D /* Enumerations.swift in Sources */ = {isa = PBXBuildFile; fileRef = 1D0A7B7223B53E87005C691D /* Enumerations.swift */; };
		1D0A7B7523B53F85005C691D /* Closures.swift in Sources */ = {isa = PBXBuildFile; fileRef = 1D0A7B7423B53F85005C691D /* Closures.swift */; };
		1D0A7B7723B53FA5005C691D /* Functions.swift in Sources */ = {isa = PBXBuildFile; fileRef = 1D0A7B7623B53FA5005C691D /* Functions.swift */; };
		1D0A7B7923B53FED005C691D /* ControlFlowConditionals.swift in Sources */ = {isa = PBXBuildFile; fileRef = 1D0A7B7823B53FED005C691D /* ControlFlowConditionals.swift */; };
		1D0A7B7B23B54041005C691D /* CollectionTypesSet.swift in Sources */ = {isa = PBXBuildFile; fileRef = 1D0A7B7A23B54041005C691D /* CollectionTypesSet.swift */; };
		1D0A7B7D23B5409D005C691D /* ControlFlowLoops.swift in Sources */ = {isa = PBXBuildFile; fileRef = 1D0A7B7C23B5409D005C691D /* ControlFlowLoops.swift */; };
		1D0A7B7F23B540D5005C691D /* CollectionTypesDictionary.swift in Sources */ = {isa = PBXBuildFile; fileRef = 1D0A7B7E23B540D5005C691D /* CollectionTypesDictionary.swift */; };
		1D0A7B8123B540F6005C691D /* CollectionTypesArray.swift in Sources */ = {isa = PBXBuildFile; fileRef = 1D0A7B8023B540F6005C691D /* CollectionTypesArray.swift */; };
		1D0A7B8323B54114005C691D /* Optionals.swift in Sources */ = {isa = PBXBuildFile; fileRef = 1D0A7B8223B54114005C691D /* Optionals.swift */; };
		1D0A7B8523B54135005C691D /* Tuples.swift in Sources */ = {isa = PBXBuildFile; fileRef = 1D0A7B8423B54135005C691D /* Tuples.swift */; };
		1D0A7B8723B54150005C691D /* Strings.swift in Sources */ = {isa = PBXBuildFile; fileRef = 1D0A7B8623B54150005C691D /* Strings.swift */; };
		1D0A7B8923B5416D005C691D /* NumericTypeConversion.swift in Sources */ = {isa = PBXBuildFile; fileRef = 1D0A7B8823B5416D005C691D /* NumericTypeConversion.swift */; };
		1D0A7B8B23B54195005C691D /* DeclaringConstantsAndVariables.swift in Sources */ = {isa = PBXBuildFile; fileRef = 1D0A7B8A23B54195005C691D /* DeclaringConstantsAndVariables.swift */; };
/* End PBXBuildFile section */

/* Begin PBXFileReference section */
		1D0A7B4B23B537E3005C691D /* Cheatsheet.app */ = {isa = PBXFileReference; explicitFileType = wrapper.application; includeInIndex = 0; path = Cheatsheet.app; sourceTree = BUILT_PRODUCTS_DIR; };
		1D0A7B4E23B537E3005C691D /* AppDelegate.swift */ = {isa = PBXFileReference; lastKnownFileType = sourcecode.swift; path = AppDelegate.swift; sourceTree = "<group>"; };
		1D0A7B5023B537E3005C691D /* SceneDelegate.swift */ = {isa = PBXFileReference; lastKnownFileType = sourcecode.swift; path = SceneDelegate.swift; sourceTree = "<group>"; };
		1D0A7B5223B537E3005C691D /* ContentView.swift */ = {isa = PBXFileReference; lastKnownFileType = sourcecode.swift; path = ContentView.swift; sourceTree = "<group>"; };
		1D0A7B5423B537E7005C691D /* Assets.xcassets */ = {isa = PBXFileReference; lastKnownFileType = folder.assetcatalog; path = Assets.xcassets; sourceTree = "<group>"; };
		1D0A7B5723B537E7005C691D /* Preview Assets.xcassets */ = {isa = PBXFileReference; lastKnownFileType = folder.assetcatalog; path = "Preview Assets.xcassets"; sourceTree = "<group>"; };
		1D0A7B5A23B537E7005C691D /* Base */ = {isa = PBXFileReference; lastKnownFileType = file.storyboard; name = Base; path = Base.lproj/LaunchScreen.storyboard; sourceTree = "<group>"; };
		1D0A7B5C23B537E7005C691D /* Info.plist */ = {isa = PBXFileReference; lastKnownFileType = text.plist.xml; path = Info.plist; sourceTree = "<group>"; };
		1D0A7B6223B53814005C691D /* AccessControl.swift */ = {isa = PBXFileReference; lastKnownFileType = sourcecode.swift; path = AccessControl.swift; sourceTree = "<group>"; };
		1D0A7B6423B5392D005C691D /* CodingProtocols.swift */ = {isa = PBXFileReference; lastKnownFileType = sourcecode.swift; path = CodingProtocols.swift; sourceTree = "<group>"; };
		1D0A7B6623B53BB3005C691D /* ErrorHandling.swift */ = {isa = PBXFileReference; lastKnownFileType = sourcecode.swift; path = ErrorHandling.swift; sourceTree = "<group>"; };
		1D0A7B6823B53C90005C691D /* Extensions.swift */ = {isa = PBXFileReference; lastKnownFileType = sourcecode.swift; path = Extensions.swift; sourceTree = "<group>"; };
		1D0A7B6A23B53CEB005C691D /* Designated&ConvenienceInitializers.swift */ = {isa = PBXFileReference; lastKnownFileType = sourcecode.swift; path = "Designated&ConvenienceInitializers.swift"; sourceTree = "<group>"; };
		1D0A7B6C23B53D3D005C691D /* Inheritance.swift */ = {isa = PBXFileReference; lastKnownFileType = sourcecode.swift; path = Inheritance.swift; sourceTree = "<group>"; };
		1D0A7B6E23B53D76005C691D /* Classes.swift */ = {isa = PBXFileReference; lastKnownFileType = sourcecode.swift; path = Classes.swift; sourceTree = "<group>"; };
		1D0A7B7023B53DCD005C691D /* Structs.swift */ = {isa = PBXFileReference; lastKnownFileType = sourcecode.swift; path = Structs.swift; sourceTree = "<group>"; };
		1D0A7B7223B53E87005C691D /* Enumerations.swift */ = {isa = PBXFileReference; lastKnownFileType = sourcecode.swift; path = Enumerations.swift; sourceTree = "<group>"; };
		1D0A7B7423B53F85005C691D /* Closures.swift */ = {isa = PBXFileReference; lastKnownFileType = sourcecode.swift; path = Closures.swift; sourceTree = "<group>"; };
		1D0A7B7623B53FA5005C691D /* Functions.swift */ = {isa = PBXFileReference; lastKnownFileType = sourcecode.swift; path = Functions.swift; sourceTree = "<group>"; };
		1D0A7B7823B53FED005C691D /* ControlFlowConditionals.swift */ = {isa = PBXFileReference; lastKnownFileType = sourcecode.swift; path = ControlFlowConditionals.swift; sourceTree = "<group>"; };
		1D0A7B7A23B54041005C691D /* CollectionTypesSet.swift */ = {isa = PBXFileReference; lastKnownFileType = sourcecode.swift; path = CollectionTypesSet.swift; sourceTree = "<group>"; };
		1D0A7B7C23B5409D005C691D /* ControlFlowLoops.swift */ = {isa = PBXFileReference; lastKnownFileType = sourcecode.swift; path = ControlFlowLoops.swift; sourceTree = "<group>"; };
		1D0A7B7E23B540D5005C691D /* CollectionTypesDictionary.swift */ = {isa = PBXFileReference; lastKnownFileType = sourcecode.swift; path = CollectionTypesDictionary.swift; sourceTree = "<group>"; };
		1D0A7B8023B540F6005C691D /* CollectionTypesArray.swift */ = {isa = PBXFileReference; lastKnownFileType = sourcecode.swift; path = CollectionTypesArray.swift; sourceTree = "<group>"; };
		1D0A7B8223B54114005C691D /* Optionals.swift */ = {isa = PBXFileReference; lastKnownFileType = sourcecode.swift; path = Optionals.swift; sourceTree = "<group>"; };
		1D0A7B8423B54135005C691D /* Tuples.swift */ = {isa = PBXFileReference; lastKnownFileType = sourcecode.swift; path = Tuples.swift; sourceTree = "<group>"; };
		1D0A7B8623B54150005C691D /* Strings.swift */ = {isa = PBXFileReference; lastKnownFileType = sourcecode.swift; path = Strings.swift; sourceTree = "<group>"; };
		1D0A7B8823B5416D005C691D /* NumericTypeConversion.swift */ = {isa = PBXFileReference; lastKnownFileType = sourcecode.swift; path = NumericTypeConversion.swift; sourceTree = "<group>"; };
		1D0A7B8A23B54195005C691D /* DeclaringConstantsAndVariables.swift */ = {isa = PBXFileReference; lastKnownFileType = sourcecode.swift; path = DeclaringConstantsAndVariables.swift; sourceTree = "<group>"; };
/* End PBXFileReference section */

/* Begin PBXFrameworksBuildPhase section */
		1D0A7B4823B537E3005C691D /* Frameworks */ = {
			isa = PBXFrameworksBuildPhase;
			buildActionMask = 2147483647;
			files = (
			);
			runOnlyForDeploymentPostprocessing = 0;
		};
/* End PBXFrameworksBuildPhase section */

/* Begin PBXGroup section */
		1D0A7B4223B537E3005C691D = {
			isa = PBXGroup;
			children = (
				1D0A7B4D23B537E3005C691D /* Cheatsheet */,
				1D0A7B4C23B537E3005C691D /* Products */,
			);
			sourceTree = "<group>";
		};
		1D0A7B4C23B537E3005C691D /* Products */ = {
			isa = PBXGroup;
			children = (
				1D0A7B4B23B537E3005C691D /* Cheatsheet.app */,
			);
			name = Products;
			sourceTree = "<group>";
		};
		1D0A7B4D23B537E3005C691D /* Cheatsheet */ = {
			isa = PBXGroup;
			children = (
				1D0A7B4E23B537E3005C691D /* AppDelegate.swift */,
				1D0A7B5023B537E3005C691D /* SceneDelegate.swift */,
				1D0A7B5223B537E3005C691D /* ContentView.swift */,
				1D0A7B5423B537E7005C691D /* Assets.xcassets */,
				1D0A7B5923B537E7005C691D /* LaunchScreen.storyboard */,
				1D0A7B5C23B537E7005C691D /* Info.plist */,
				1D0A7B5623B537E7005C691D /* Preview Content */,
				1D0A7B6223B53814005C691D /* AccessControl.swift */,
				1D0A7B6423B5392D005C691D /* CodingProtocols.swift */,
				1D0A7B6623B53BB3005C691D /* ErrorHandling.swift */,
				1D0A7B6823B53C90005C691D /* Extensions.swift */,
				1D0A7B6A23B53CEB005C691D /* Designated&ConvenienceInitializers.swift */,
				1D0A7B6C23B53D3D005C691D /* Inheritance.swift */,
				1D0A7B6E23B53D76005C691D /* Classes.swift */,
				1D0A7B7023B53DCD005C691D /* Structs.swift */,
				1D0A7B7223B53E87005C691D /* Enumerations.swift */,
				1D0A7B7423B53F85005C691D /* Closures.swift */,
				1D0A7B7623B53FA5005C691D /* Functions.swift */,
				1D0A7B7823B53FED005C691D /* ControlFlowConditionals.swift */,
				1D0A7B7A23B54041005C691D /* CollectionTypesSet.swift */,
				1D0A7B7C23B5409D005C691D /* ControlFlowLoops.swift */,
				1D0A7B7E23B540D5005C691D /* CollectionTypesDictionary.swift */,
				1D0A7B8023B540F6005C691D /* CollectionTypesArray.swift */,
				1D0A7B8223B54114005C691D /* Optionals.swift */,
				1D0A7B8423B54135005C691D /* Tuples.swift */,
				1D0A7B8623B54150005C691D /* Strings.swift */,
				1D0A7B8823B5416D005C691D /* NumericTypeConversion.swift */,
				1D0A7B8A23B54195005C691D /* DeclaringConstantsAndVariables.swift */,
			);
			path = Cheatsheet;
			sourceTree = "<group>";
		};
		1D0A7B5623B537E7005C691D /* Preview Content */ = {
			isa = PBXGroup;
			children = (
				1D0A7B5723B537E7005C691D /* Preview Assets.xcassets */,
			);
			path = "Preview Content";
			sourceTree = "<group>";
		};
/* End PBXGroup section */

/* Begin PBXNativeTarget section */
		1D0A7B4A23B537E3005C691D /* Cheatsheet */ = {
			isa = PBXNativeTarget;
			buildConfigurationList = 1D0A7B5F23B537E7005C691D /* Build configuration list for PBXNativeTarget "Cheatsheet" */;
			buildPhases = (
				1D0A7B4723B537E3005C691D /* Sources */,
				1D0A7B4823B537E3005C691D /* Frameworks */,
				1D0A7B4923B537E3005C691D /* Resources */,
			);
			buildRules = (
			);
			dependencies = (
			);
			name = Cheatsheet;
			productName = Cheatsheet;
			productReference = 1D0A7B4B23B537E3005C691D /* Cheatsheet.app */;
			productType = "com.apple.product-type.application";
		};
/* End PBXNativeTarget section */

/* Begin PBXProject section */
		1D0A7B4323B537E3005C691D /* Project object */ = {
			isa = PBXProject;
			attributes = {
				LastSwiftUpdateCheck = 1130;
				LastUpgradeCheck = 1130;
				ORGANIZATIONNAME = "Ramill Ibragimov";
				TargetAttributes = {
					1D0A7B4A23B537E3005C691D = {
						CreatedOnToolsVersion = 11.3;
					};
				};
			};
			buildConfigurationList = 1D0A7B4623B537E3005C691D /* Build configuration list for PBXProject "Cheatsheet" */;
			compatibilityVersion = "Xcode 9.3";
			developmentRegion = en;
			hasScannedForEncodings = 0;
			knownRegions = (
				en,
				Base,
			);
			mainGroup = 1D0A7B4223B537E3005C691D;
			productRefGroup = 1D0A7B4C23B537E3005C691D /* Products */;
			projectDirPath = "";
			projectRoot = "";
			targets = (
				1D0A7B4A23B537E3005C691D /* Cheatsheet */,
			);
		};
/* End PBXProject section */

/* Begin PBXResourcesBuildPhase section */
		1D0A7B4923B537E3005C691D /* Resources */ = {
			isa = PBXResourcesBuildPhase;
			buildActionMask = 2147483647;
			files = (
				1D0A7B5B23B537E7005C691D /* LaunchScreen.storyboard in Resources */,
				1D0A7B5823B537E7005C691D /* Preview Assets.xcassets in Resources */,
				1D0A7B5523B537E7005C691D /* Assets.xcassets in Resources */,
			);
			runOnlyForDeploymentPostprocessing = 0;
		};
/* End PBXResourcesBuildPhase section */

/* Begin PBXSourcesBuildPhase section */
		1D0A7B4723B537E3005C691D /* Sources */ = {
			isa = PBXSourcesBuildPhase;
			buildActionMask = 2147483647;
			files = (
				1D0A7B7B23B54041005C691D /* CollectionTypesSet.swift in Sources */,
				1D0A7B6523B5392D005C691D /* CodingProtocols.swift in Sources */,
				1D0A7B4F23B537E3005C691D /* AppDelegate.swift in Sources */,
				1D0A7B6D23B53D3D005C691D /* Inheritance.swift in Sources */,
				1D0A7B7723B53FA5005C691D /* Functions.swift in Sources */,
				1D0A7B7923B53FED005C691D /* ControlFlowConditionals.swift in Sources */,
				1D0A7B7123B53DCD005C691D /* Structs.swift in Sources */,
				1D0A7B7D23B5409D005C691D /* ControlFlowLoops.swift in Sources */,
				1D0A7B6323B53814005C691D /* AccessControl.swift in Sources */,
				1D0A7B6723B53BB3005C691D /* ErrorHandling.swift in Sources */,
				1D0A7B7523B53F85005C691D /* Closures.swift in Sources */,
				1D0A7B7F23B540D5005C691D /* CollectionTypesDictionary.swift in Sources */,
				1D0A7B8723B54150005C691D /* Strings.swift in Sources */,
				1D0A7B5123B537E3005C691D /* SceneDelegate.swift in Sources */,
				1D0A7B6B23B53CEB005C691D /* Designated&ConvenienceInitializers.swift in Sources */,
				1D0A7B5323B537E3005C691D /* ContentView.swift in Sources */,
				1D0A7B8323B54114005C691D /* Optionals.swift in Sources */,
				1D0A7B8B23B54195005C691D /* DeclaringConstantsAndVariables.swift in Sources */,
				1D0A7B6F23B53D76005C691D /* Classes.swift in Sources */,
				1D0A7B6923B53C90005C691D /* Extensions.swift in Sources */,
				1D0A7B8123B540F6005C691D /* CollectionTypesArray.swift in Sources */,
				1D0A7B8923B5416D005C691D /* NumericTypeConversion.swift in Sources */,
				1D0A7B8523B54135005C691D /* Tuples.swift in Sources */,
				1D0A7B7323B53E87005C691D /* Enumerations.swift in Sources */,
			);
			runOnlyForDeploymentPostprocessing = 0;
		};
/* End PBXSourcesBuildPhase section */

/* Begin PBXVariantGroup section */
		1D0A7B5923B537E7005C691D /* LaunchScreen.storyboard */ = {
			isa = PBXVariantGroup;
			children = (
				1D0A7B5A23B537E7005C691D /* Base */,
			);
			name = LaunchScreen.storyboard;
			sourceTree = "<group>";
		};
/* End PBXVariantGroup section */

/* Begin XCBuildConfiguration section */
		1D0A7B5D23B537E7005C691D /* Debug */ = {
			isa = XCBuildConfiguration;
			buildSettings = {
				ALWAYS_SEARCH_USER_PATHS = NO;
				CLANG_ANALYZER_NONNULL = YES;
				CLANG_ANALYZER_NUMBER_OBJECT_CONVERSION = YES_AGGRESSIVE;
				CLANG_CXX_LANGUAGE_STANDARD = "gnu++14";
				CLANG_CXX_LIBRARY = "libc++";
				CLANG_ENABLE_MODULES = YES;
				CLANG_ENABLE_OBJC_ARC = YES;
				CLANG_ENABLE_OBJC_WEAK = YES;
				CLANG_WARN_BLOCK_CAPTURE_AUTORELEASING = YES;
				CLANG_WARN_BOOL_CONVERSION = YES;
				CLANG_WARN_COMMA = YES;
				CLANG_WARN_CONSTANT_CONVERSION = YES;
				CLANG_WARN_DEPRECATED_OBJC_IMPLEMENTATIONS = YES;
				CLANG_WARN_DIRECT_OBJC_ISA_USAGE = YES_ERROR;
				CLANG_WARN_DOCUMENTATION_COMMENTS = YES;
				CLANG_WARN_EMPTY_BODY = YES;
				CLANG_WARN_ENUM_CONVERSION = YES;
				CLANG_WARN_INFINITE_RECURSION = YES;
				CLANG_WARN_INT_CONVERSION = YES;
				CLANG_WARN_NON_LITERAL_NULL_CONVERSION = YES;
				CLANG_WARN_OBJC_IMPLICIT_RETAIN_SELF = YES;
				CLANG_WARN_OBJC_LITERAL_CONVERSION = YES;
				CLANG_WARN_OBJC_ROOT_CLASS = YES_ERROR;
				CLANG_WARN_RANGE_LOOP_ANALYSIS = YES;
				CLANG_WARN_STRICT_PROTOTYPES = YES;
				CLANG_WARN_SUSPICIOUS_MOVE = YES;
				CLANG_WARN_UNGUARDED_AVAILABILITY = YES_AGGRESSIVE;
				CLANG_WARN_UNREACHABLE_CODE = YES;
				CLANG_WARN__DUPLICATE_METHOD_MATCH = YES;
				COPY_PHASE_STRIP = NO;
				DEBUG_INFORMATION_FORMAT = dwarf;
				ENABLE_STRICT_OBJC_MSGSEND = YES;
				ENABLE_TESTABILITY = YES;
				GCC_C_LANGUAGE_STANDARD = gnu11;
				GCC_DYNAMIC_NO_PIC = NO;
				GCC_NO_COMMON_BLOCKS = YES;
				GCC_OPTIMIZATION_LEVEL = 0;
				GCC_PREPROCESSOR_DEFINITIONS = (
					"DEBUG=1",
					"$(inherited)",
				);
				GCC_WARN_64_TO_32_BIT_CONVERSION = YES;
				GCC_WARN_ABOUT_RETURN_TYPE = YES_ERROR;
				GCC_WARN_UNDECLARED_SELECTOR = YES;
				GCC_WARN_UNINITIALIZED_AUTOS = YES_AGGRESSIVE;
				GCC_WARN_UNUSED_FUNCTION = YES;
				GCC_WARN_UNUSED_VARIABLE = YES;
				IPHONEOS_DEPLOYMENT_TARGET = 13.2;
				MTL_ENABLE_DEBUG_INFO = INCLUDE_SOURCE;
				MTL_FAST_MATH = YES;
				ONLY_ACTIVE_ARCH = YES;
				SDKROOT = iphoneos;
				SWIFT_ACTIVE_COMPILATION_CONDITIONS = DEBUG;
				SWIFT_OPTIMIZATION_LEVEL = "-Onone";
			};
			name = Debug;
		};
		1D0A7B5E23B537E7005C691D /* Release */ = {
			isa = XCBuildConfiguration;
			buildSettings = {
				ALWAYS_SEARCH_USER_PATHS = NO;
				CLANG_ANALYZER_NONNULL = YES;
				CLANG_ANALYZER_NUMBER_OBJECT_CONVERSION = YES_AGGRESSIVE;
				CLANG_CXX_LANGUAGE_STANDARD = "gnu++14";
				CLANG_CXX_LIBRARY = "libc++";
				CLANG_ENABLE_MODULES = YES;
				CLANG_ENABLE_OBJC_ARC = YES;
				CLANG_ENABLE_OBJC_WEAK = YES;
				CLANG_WARN_BLOCK_CAPTURE_AUTORELEASING = YES;
				CLANG_WARN_BOOL_CONVERSION = YES;
				CLANG_WARN_COMMA = YES;
				CLANG_WARN_CONSTANT_CONVERSION = YES;
				CLANG_WARN_DEPRECATED_OBJC_IMPLEMENTATIONS = YES;
				CLANG_WARN_DIRECT_OBJC_ISA_USAGE = YES_ERROR;
				CLANG_WARN_DOCUMENTATION_COMMENTS = YES;
				CLANG_WARN_EMPTY_BODY = YES;
				CLANG_WARN_ENUM_CONVERSION = YES;
				CLANG_WARN_INFINITE_RECURSION = YES;
				CLANG_WARN_INT_CONVERSION = YES;
				CLANG_WARN_NON_LITERAL_NULL_CONVERSION = YES;
				CLANG_WARN_OBJC_IMPLICIT_RETAIN_SELF = YES;
				CLANG_WARN_OBJC_LITERAL_CONVERSION = YES;
				CLANG_WARN_OBJC_ROOT_CLASS = YES_ERROR;
				CLANG_WARN_RANGE_LOOP_ANALYSIS = YES;
				CLANG_WARN_STRICT_PROTOTYPES = YES;
				CLANG_WARN_SUSPICIOUS_MOVE = YES;
				CLANG_WARN_UNGUARDED_AVAILABILITY = YES_AGGRESSIVE;
				CLANG_WARN_UNREACHABLE_CODE = YES;
				CLANG_WARN__DUPLICATE_METHOD_MATCH = YES;
				COPY_PHASE_STRIP = NO;
				DEBUG_INFORMATION_FORMAT = "dwarf-with-dsym";
				ENABLE_NS_ASSERTIONS = NO;
				ENABLE_STRICT_OBJC_MSGSEND = YES;
				GCC_C_LANGUAGE_STANDARD = gnu11;
				GCC_NO_COMMON_BLOCKS = YES;
				GCC_WARN_64_TO_32_BIT_CONVERSION = YES;
				GCC_WARN_ABOUT_RETURN_TYPE = YES_ERROR;
				GCC_WARN_UNDECLARED_SELECTOR = YES;
				GCC_WARN_UNINITIALIZED_AUTOS = YES_AGGRESSIVE;
				GCC_WARN_UNUSED_FUNCTION = YES;
				GCC_WARN_UNUSED_VARIABLE = YES;
				IPHONEOS_DEPLOYMENT_TARGET = 13.2;
				MTL_ENABLE_DEBUG_INFO = NO;
				MTL_FAST_MATH = YES;
				SDKROOT = iphoneos;
				SWIFT_COMPILATION_MODE = wholemodule;
				SWIFT_OPTIMIZATION_LEVEL = "-O";
				VALIDATE_PRODUCT = YES;
			};
			name = Release;
		};
		1D0A7B6023B537E7005C691D /* Debug */ = {
			isa = XCBuildConfiguration;
			buildSettings = {
				ASSETCATALOG_COMPILER_APPICON_NAME = AppIcon;
				CODE_SIGN_STYLE = Automatic;
				DEVELOPMENT_ASSET_PATHS = "\"Cheatsheet/Preview Content\"";
				DEVELOPMENT_TEAM = L8W86DZDY2;
				ENABLE_PREVIEWS = YES;
				INFOPLIST_FILE = Cheatsheet/Info.plist;
				LD_RUNPATH_SEARCH_PATHS = (
					"$(inherited)",
					"@executable_path/Frameworks",
				);
				PRODUCT_BUNDLE_IDENTIFIER = com.ri.Cheatsheet;
				PRODUCT_NAME = "$(TARGET_NAME)";
				SWIFT_VERSION = 5.0;
				TARGETED_DEVICE_FAMILY = "1,2";
			};
			name = Debug;
		};
		1D0A7B6123B537E7005C691D /* Release */ = {
			isa = XCBuildConfiguration;
			buildSettings = {
				ASSETCATALOG_COMPILER_APPICON_NAME = AppIcon;
				CODE_SIGN_STYLE = Automatic;
				DEVELOPMENT_ASSET_PATHS = "\"Cheatsheet/Preview Content\"";
				DEVELOPMENT_TEAM = L8W86DZDY2;
				ENABLE_PREVIEWS = YES;
				INFOPLIST_FILE = Cheatsheet/Info.plist;
				LD_RUNPATH_SEARCH_PATHS = (
					"$(inherited)",
					"@executable_path/Frameworks",
				);
				PRODUCT_BUNDLE_IDENTIFIER = com.ri.Cheatsheet;
				PRODUCT_NAME = "$(TARGET_NAME)";
				SWIFT_VERSION = 5.0;
				TARGETED_DEVICE_FAMILY = "1,2";
			};
			name = Release;
		};
/* End XCBuildConfiguration section */

/* Begin XCConfigurationList section */
		1D0A7B4623B537E3005C691D /* Build configuration list for PBXProject "Cheatsheet" */ = {
			isa = XCConfigurationList;
			buildConfigurations = (
				1D0A7B5D23B537E7005C691D /* Debug */,
				1D0A7B5E23B537E7005C691D /* Release */,
			);
			defaultConfigurationIsVisible = 0;
			defaultConfigurationName = Release;
		};
		1D0A7B5F23B537E7005C691D /* Build configuration list for PBXNativeTarget "Cheatsheet" */ = {
			isa = XCConfigurationList;
			buildConfigurations = (
				1D0A7B6023B537E7005C691D /* Debug */,
				1D0A7B6123B537E7005C691D /* Release */,
			);
			defaultConfigurationIsVisible = 0;
			defaultConfigurationName = Release;
		};
/* End XCConfigurationList section */
	};
	rootObject = 1D0A7B4323B537E3005C691D /* Project object */;
}
